lockfileVersion: '9.0'

settings:
  autoInstallPeers: true
  excludeLinksFromLockfile: false

importers:

  .:
    devDependencies:
      '@biomejs/biome':
        specifier: 2.4.9
        version: 2.4.9
      '@types/bun':
        specifier: 1.3.11
        version: 1.3.11
      '@types/react':
        specifier: 19.2.14
        version: 19.2.14
      ink-testing-library:
        specifier: 4.0.0
        version: 4.0.0(@types/react@19.2.14)
      sort-package-json:
        specifier: 3.6.1
        version: 3.6.1
      turbo:
        specifier: 2.8.21
        version: 2.8.21
      typescript:
        specifier: 6.0.2
        version: 6.0.2

  apps/codex-bridge: {}

  apps/token-meter:
    dependencies:
      '@anthropic-ai/tokenizer':
        specifier: ^0.0.4
        version: 0.0.4
      zod:
        specifier: ^4.3.6
        version: 4.3.6

packages:

  '@anthropic-ai/tokenizer@0.0.4':
    resolution: {integrity: sha512-EHRKbxlxlc8W4KCBEseByJ7YwyYCmgu9OyN59H9+IYIGPoKv8tXyQXinkeGDI+cI8Tiuz9wk2jZb/kK7AyvL7g==}

  '@biomejs/biome@2.4.9':
    resolution: {integrity: sha512-wvZW92FrwitTcacvCBT8xdAbfbxWfDLwjYMmU3djjqQTh7Ni4ZdiWIT/x5VcZ+RQuxiKzIOzi5D+dcyJDFZMsA==}
    engines: {node: '>=14.21.3'}
    hasBin: true

  '@biomejs/cli-darwin-arm64@2.4.9':
    resolution: {integrity: sha512-d5G8Gf2RpH5pYwiHLPA+UpG3G9TLQu4WM+VK6sfL7K68AmhcEQ9r+nkj/DvR/GYhYox6twsHUtmWWWIKfcfQQA==}
    engines: {node: '>=14.21.3'}
    cpu: [arm64]
    os: [darwin]

  '@biomejs/cli-darwin-x64@2.4.9':
    resolution: {integrity: sha512-LNCLNgqDMG7BLdc3a8aY/dwKPK7+R8/JXJoXjCvZh2gx8KseqBdFDKbhrr7HCWF8SzNhbTaALhTBoh/I6rf9lA==}
    engines: {node: '>=14.21.3'}
    cpu: [x64]
    os: [darwin]

  '@biomejs/cli-linux-arm64-musl@2.4.9':
    resolution: {integrity: sha512-8RCww5xnPn2wpK4L/QDGDOW0dq80uVWfppPxHIUg6mOs9B6gRmqPp32h1Ls3T8GnW8Wo5A8u7vpTwz4fExN+sw==}
    engines: {node: '>=14.21.3'}
    cpu: [arm64]
    os: [linux]
    libc: [musl]

  '@biomejs/cli-linux-arm64@2.4.9':
    resolution: {integrity: sha512-4adnkAUi6K4C/emPRgYznMOcLlUqZdXWM6aIui4VP4LraE764g6Q4YguygnAUoxKjKIXIWPteKMgRbN0wsgwcg==}
    engines: {node: '>=14.21.3'}
    cpu: [arm64]
    os: [linux]
    libc: [glibc]

  '@biomejs/cli-linux-x64-musl@2.4.9':
    resolution: {integrity: sha512-5TD+WS9v5vzXKzjetF0hgoaNFHMcpQeBUwKKVi3JbG1e9UCrFuUK3Gt185fyTzvRdwYkJJEMqglRPjmesmVv4A==}
    engines: {node: '>=14.21.3'}
    cpu: [x64]
    os: [linux]
    libc: [musl]

  '@biomejs/cli-linux-x64@2.4.9':
    resolution: {integrity: sha512-L10na7POF0Ks/cgLFNF1ZvIe+X4onLkTi5oP9hY+Rh60Q+7fWzKDDCeGyiHUFf1nGIa9dQOOUPGe2MyYg8nMSQ==}
    engines: {node: '>=14.21.3'}
    cpu: [x64]
    os: [linux]
    libc: [glibc]

  '@biomejs/cli-win32-arm64@2.4.9':
    resolution: {integrity: sha512-aDZr0RBC3sMGJOU10BvG7eZIlWLK/i51HRIfScE2lVhfts2dQTreowLiJJd+UYg/tHKxS470IbzpuKmd0MiD6g==}
    engines: {node: '>=14.21.3'}
    cpu: [arm64]
    os: [win32]

  '@biomejs/cli-win32-x64@2.4.9':
    resolution: {integrity: sha512-NS4g/2G9SoQ4ktKtz31pvyc/rmgzlcIDCGU/zWbmHJAqx6gcRj2gj5Q/guXhoWTzCUaQZDIqiCQXHS7BcGYc0w==}
    engines: {node: '>=14.21.3'}
    cpu: [x64]
    os: [win32]

  '@turbo/darwin-64@2.8.21':
    resolution: {integrity: sha512-kfGoM0Iw8ZNZpbds+4IzOe0hjvHldqJwUPRAjXJi3KBxg/QOZL95N893SRoMtf2aJ+jJ3dk32yPkp8rvcIjP9g==}
    cpu: [x64]
    os: [darwin]

  '@turbo/darwin-arm64@2.8.21':
    resolution: {integrity: sha512-o9HEflxUEyr987x0cTUzZBhDOyL6u95JmdmlkH2VyxAw7zq2sdtM5e72y9ufv2N5SIoOBw1fVn9UES5VY5H6vQ==}
    cpu: [arm64]
    os: [darwin]

  '@turbo/linux-64@2.8.21':
    resolution: {integrity: sha512-uTxlCcXWy5h1fSSymP8XSJ+AudzEHMDV3IDfKX7+DGB8kgJ+SLoTUAH7z4OFA7I/l2sznz0upPdbNNZs91YMag==}
    cpu: [x64]
    os: [linux]

  '@turbo/linux-arm64@2.8.21':
    resolution: {integrity: sha512-cdHIcxNcihHHkCHp0Y4Zb60K4Qz+CK4xw1gb6s/t/9o4SMeMj+hTBCtoW6QpPnl9xPYmxuTou8Zw6+cylTnREg==}
    cpu: [arm64]
    os: [linux]

  '@turbo/windows-64@2.8.21':
    resolution: {integrity: sha512-/iBj4OzbqEY8CX+eaeKbBTMZv2CLXNrt0692F7HnK7LcyYwyDecaAiSET6ZzL4opT7sbwkKvzAC/fhqT3Quu1A==}
    cpu: [x64]
    os: [win32]

  '@turbo/windows-arm64@2.8.21':
    resolution: {integrity: sha512-95tMA/ZbIidJFUUtkmqioQ1gf3n3I1YbRP3ZgVdWTVn2qVbkodcIdGXBKRHHrIbRsLRl99SiHi/L7IxhpZDagQ==}
    cpu: [arm64]
    os: [win32]

  '@types/bun@1.3.11':
    resolution: {integrity: sha512-5vPne5QvtpjGpsGYXiFyycfpDF2ECyPcTSsFBMa0fraoxiQyMJ3SmuQIGhzPg2WJuWxVBoxWJ2kClYTcw/4fAg==}

  '@types/node@18.19.130':
    resolution: {integrity: sha512-GRaXQx6jGfL8sKfaIDD6OupbIHBr9jv7Jnaml9tB7l4v068PAOXqfcujMMo5PhbIs6ggR1XODELqahT2R8v0fg==}

  '@types/node@22.15.3':
    resolution: {integrity: sha512-lX7HFZeHf4QG/J7tBZqrCAXwz9J5RD56Y6MpP0eJkka8p+K0RY/yBTW7CYFJ4VGCclxqOLKmiGP5juQc6MKgcw==}

  '@types/react@19.2.14':
    resolution: {integrity: sha512-ilcTH/UniCkMdtexkoCN0bI7pMcJDvmQFPvuPvmEaYA/NSfFTAgdUSLAoVjaRJm7+6PvcM+q1zYOwS4wTYMF9w==}

  bun-types@1.3.11:
    resolution: {integrity: sha512-1KGPpoxQWl9f6wcZh57LvrPIInQMn2TQ7jsgxqpRzg+l0QPOFvJVH7HmvHo/AiPgwXy+/Thf6Ov3EdVn1vOabg==}

  csstype@3.2.3:
    resolution: {integrity: sha512-z1HGKcYy2xA8AGQfwrn0PAy+PB7X/GSj3UVJW9qKyn43xWa+gl5nXmU4qqLMRzWVLFC8KusUX8T/0kCiOYpAIQ==}

  detect-indent@7.0.2:
    resolution: {integrity: sha512-y+8xyqdGLL+6sh0tVeHcfP/QDd8gUgbasolJJpY7NgeQGSZ739bDtSiaiDgtoicy+mtYB81dKLxO9xRhCyIB3A==}
    engines: {node: '>=12.20'}

  detect-newline@4.0.1:
    resolution: {integrity: sha512-qE3Veg1YXzGHQhlA6jzebZN2qVf6NX+A7m7qlhCGG30dJixrAQhYOsJjsnBjJkCSmuOPpCk30145fr8FV0bzog==}
    engines: {node: ^12.20.0 || ^14.13.1 || >=16.0.0}

  fdir@6.5.0:
    resolution: {integrity: sha512-tIbYtZbucOs0BRGqPJkshJUYdL+SDH7dVM8gjy+ERp3WAUjLEFJE+02kanyHtwjWOnwrKYBiwAmM0p4kLJAnXg==}
    engines: {node: '>=12.0.0'}
    peerDependencies:
      picomatch: ^3 || ^4
    peerDependenciesMeta:
      picomatch:
        optional: true

  git-hooks-list@4.2.1:
    resolution: {integrity: sha512-WNvqJjOxxs/8ZP9+DWdwWJ7cDsd60NHf39XnD82pDVrKO5q7xfPqpkK6hwEAmBa/ZSEE4IOoR75EzbbIuwGlMw==}

  ink-testing-library@4.0.0:
    resolution: {integrity: sha512-yF92kj3pmBvk7oKbSq5vEALO//o7Z9Ck/OaLNlkzXNeYdwfpxMQkSowGTFUCS5MSu9bWfSZMewGpp7bFc66D7Q==}
    engines: {node: '>=18'}
    peerDependencies:
      '@types/react': '>=18.0.0'
    peerDependenciesMeta:
      '@types/react':
        optional: true

  is-plain-obj@4.1.0:
    resolution: {integrity: sha512-+Pgi+vMuUNkJyExiMBt5IlFoMyKnr5zhJ4Uspz58WOhBF5QoIZkFyNHIbBAtHwzVAgk5RtndVNsDRN61/mmDqg==}
    engines: {node: '>=12'}

  picomatch@4.0.4:
    resolution: {integrity: sha512-QP88BAKvMam/3NxH6vj2o21R6MjxZUAd6nlwAS/pnGvN9IVLocLHxGYIzFhg6fUQ+5th6P4dv4eW9jX3DSIj7A==}
    engines: {node: '>=12'}

  semver@7.7.4:
    resolution: {integrity: sha512-vFKC2IEtQnVhpT78h1Yp8wzwrf8CM+MzKMHGJZfBtzhZNycRFnXsHk6E5TxIkkMsgNS7mdX3AGB7x2QM2di4lA==}
    engines: {node: '>=10'}
    hasBin: true

  sort-object-keys@2.1.0:
    resolution: {integrity: sha512-SOiEnthkJKPv2L6ec6HMwhUcN0/lppkeYuN1x63PbyPRrgSPIuBJCiYxYyvWRTtjMlOi14vQUCGUJqS6PLVm8g==}

  sort-package-json@3.6.1:
    resolution: {integrity: sha512-Chgejw1+10p2D0U2tB7au1lHtz6TkFnxmvZktyBCRyV0GgmF6nl1IxXxAsPtJVsUyg/fo+BfCMAVVFUVRkAHrQ==}
    engines: {node: '>=20'}
    hasBin: true

  tiktoken@1.0.22:
    resolution: {integrity: sha512-PKvy1rVF1RibfF3JlXBSP0Jrcw2uq3yXdgcEXtKTYn3QJ/cBRBHDnrJ5jHky+MENZ6DIPwNUGWpkVx+7joCpNA==}

  tinyglobby@0.2.15:
    resolution: {integrity: sha512-j2Zq4NyQYG5XMST4cbs02Ak8iJUdxRM0XI5QyxXuZOzKOINmWurp3smXu3y5wDcJrptwpSjgXHzIQxR0omXljQ==}
    engines: {node: '>=12.0.0'}

  turbo@2.8.21:
    resolution: {integrity: sha512-FlJ8OD5Qcp0jTAM7E4a/RhUzRNds2GzKlyxHKA6N247VLy628rrxAGlMpIXSz6VB430+TiQDJ/SMl6PL1lu6wQ==}
    hasBin: true

  typescript@6.0.2:
    resolution: {integrity: sha512-bGdAIrZ0wiGDo5l8c++HWtbaNCWTS4UTv7RaTH/ThVIgjkveJt83m74bBHMJkuCbslY8ixgLBVZJIOiQlQTjfQ==}
    engines: {node: '>=14.17'}
    hasBin: true

  undici-types@5.26.5:
    resolution: {integrity: sha512-JlCMO+ehdEIKqlFxk6IfVoAUVmgz7cU7zD/h9XZ0qzeosSHmUJVOzSQvvYSYWXkFXC+IfLKSIffhv0sVZup6pA==}

  undici-types@6.21.0:
    resolution: {integrity: sha512-iwDZqg0QAGrg9Rav5H4n0M64c3mkR59cJ6wQp+7C4nI0gsmExaedaYLNO44eT4AtBBwjbTiGPMlt2Md0T9H9JQ==}

  zod@4.3.6:
    resolution: {integrity: sha512-rftlrkhHZOcjDwkGlnUtZZkvaPHCsDATp4pGpuOOMDaTdDDXF91wuVDJoWoPsKX/3YPQ5fHuF3STjcYyKr+Qhg==}

snapshots:

  '@anthropic-ai/tokenizer@0.0.4':
    dependencies:
      '@types/node': 18.19.130
      tiktoken: 1.0.22

  '@biomejs/biome@2.4.9':
    optionalDependencies:
      '@biomejs/cli-darwin-arm64': 2.4.9
      '@biomejs/cli-darwin-x64': 2.4.9
      '@biomejs/cli-linux-arm64': 2.4.9
      '@biomejs/cli-linux-arm64-musl': 2.4.9
      '@biomejs/cli-linux-x64': 2.4.9
      '@biomejs/cli-linux-x64-musl': 2.4.9
      '@biomejs/cli-win32-arm64': 2.4.9
      '@biomejs/cli-win32-x64': 2.4.9

  '@biomejs/cli-darwin-arm64@2.4.9':
    optional: true

  '@biomejs/cli-darwin-x64@2.4.9':
    optional: true

  '@biomejs/cli-linux-arm64-musl@2.4.9':
    optional: true

  '@biomejs/cli-linux-arm64@2.4.9':
    optional: true

  '@biomejs/cli-linux-x64-musl@2.4.9':
    optional: true

  '@biomejs/cli-linux-x64@2.4.9':
    optional: true

  '@biomejs/cli-win32-arm64@2.4.9':
    optional: true

  '@biomejs/cli-win32-x64@2.4.9':
    optional: true

  '@turbo/darwin-64@2.8.21':
    optional: true

  '@turbo/darwin-arm64@2.8.21':
    optional: true

  '@turbo/linux-64@2.8.21':
    optional: true

  '@turbo/linux-arm64@2.8.21':
    optional: true

  '@turbo/windows-64@2.8.21':
    optional: true

  '@turbo/windows-arm64@2.8.21':
    optional: true

  '@types/bun@1.3.11':
    dependencies:
      bun-types: 1.3.11

  '@types/node@18.19.130':
    dependencies:
      undici-types: 5.26.5

  '@types/node@22.15.3':
    dependencies:
      undici-types: 6.21.0

  '@types/react@19.2.14':
    dependencies:
      csstype: 3.2.3

  bun-types@1.3.11:
    dependencies:
      '@types/node': 22.15.3

  csstype@3.2.3: {}

  detect-indent@7.0.2: {}

  detect-newline@4.0.1: {}

  fdir@6.5.0(picomatch@4.0.4):
    optionalDependencies:
      picomatch: 4.0.4

  git-hooks-list@4.2.1: {}

  ink-testing-library@4.0.0(@types/react@19.2.14):
    optionalDependencies:
      '@types/react': 19.2.14

  is-plain-obj@4.1.0: {}

  picomatch@4.0.4: {}

  semver@7.7.4: {}

  sort-object-keys@2.1.0: {}

  sort-package-json@3.6.1:
    dependencies:
      detect-indent: 7.0.2
      detect-newline: 4.0.1
      git-hooks-list: 4.2.1
      is-plain-obj: 4.1.0
      semver: 7.7.4
      sort-object-keys: 2.1.0
      tinyglobby: 0.2.15

  tiktoken@1.0.22: {}

  tinyglobby@0.2.15:
    dependencies:
      fdir: 6.5.0(picomatch@4.0.4)
      picomatch: 4.0.4

  turbo@2.8.21:
    optionalDependencies:
      '@turbo/darwin-64': 2.8.21
      '@turbo/darwin-arm64': 2.8.21
      '@turbo/linux-64': 2.8.21
      '@turbo/linux-arm64': 2.8.21
      '@turbo/windows-64': 2.8.21
      '@turbo/windows-arm64': 2.8.21

  typescript@6.0.2: {}

  undici-types@5.26.5: {}

  undici-types@6.21.0: {}

  zod@4.3.6: {}
